
Microsoft Visual Studio Solution File, Format Version 12.00
# Visual Studio 15
VisualStudioVersion = 15.0.26124.0
MinimumVisualStudioVersion = 15.0.26124.0
Project("{FAE04EC0-301F-11D3-BF4B-00C04F79EFBC}") = "MqttUtils", "common\MqttUtils\MqttUtils.csproj", "{888F8948-A987-4587-AFDB-7ED3A2AF06CD}"
EndProject
Project("{2150E333-8FDC-42A3-9474-1A3956D46DE8}") = "common", "common", "{D05EB9A6-4F2F-4263-A14A-BB2FF4895E7B}"
EndProject
Project("{FAE04EC0-301F-11D3-BF4B-00C04F79EFBC}") = "MqttUtils.Tests", "common\MqttUtils.Tests\MqttUtils.Tests.csproj", "{5A203AB8-F520-45ED-8A72-BD4FF7F43DB5}"
EndProject
Project("{FAE04EC0-301F-11D3-BF4B-00C04F79EFBC}") = "HallonDispDtos", "common\HallonDispDtos\HallonDispDtos.csproj", "{8E378EEB-05E9-4A25-8AA8-9731E5170C3B}"
EndProject
Project("{2150E333-8FDC-42A3-9474-1A3956D46DE8}") = "apps", "apps", "{A3D3DF41-53F6-4062-BD5C-8EFC900BE8DF}"
EndProject
Project("{FAE04EC0-301F-11D3-BF4B-00C04F79EFBC}") = "DeviceSimulator", "apps\DeviceSimulator\DeviceSimulator.csproj", "{C43E3C15-3842-4615-B7EE-20BCC9B5703D}"
EndProject
Project("{FAE04EC0-301F-11D3-BF4B-00C04F79EFBC}") = "DeviceSimulation", "common\DeviceSimulation\DeviceSimulation.csproj", "{53D0A389-0F06-47A5-968F-DA6B5DA8334F}"
EndProject
Global
	GlobalSection(SolutionConfigurationPlatforms) = preSolution
		Debug|Any CPU = Debug|Any CPU
		Debug|x64 = Debug|x64
		Debug|x86 = Debug|x86
		Release|Any CPU = Release|Any CPU
		Release|x64 = Release|x64
		Release|x86 = Release|x86
	EndGlobalSection
	GlobalSection(SolutionProperties) = preSolution
		HideSolutionNode = FALSE
	EndGlobalSection
	GlobalSection(ProjectConfigurationPlatforms) = postSolution
		{888F8948-A987-4587-AFDB-7ED3A2AF06CD}.Debug|Any CPU.ActiveCfg = Debug|Any CPU
		{888F8948-A987-4587-AFDB-7ED3A2AF06CD}.Debug|Any CPU.Build.0 = Debug|Any CPU
		{888F8948-A987-4587-AFDB-7ED3A2AF06CD}.Debug|x64.ActiveCfg = Debug|Any CPU
		{888F8948-A987-4587-AFDB-7ED3A2AF06CD}.Debug|x64.Build.0 = Debug|Any CPU
		{888F8948-A987-4587-AFDB-7ED3A2AF06CD}.Debug|x86.ActiveCfg = Debug|Any CPU
		{888F8948-A987-4587-AFDB-7ED3A2AF06CD}.Debug|x86.Build.0 = Debug|Any CPU
		{888F8948-A987-4587-AFDB-7ED3A2AF06CD}.Release|Any CPU.ActiveCfg = Release|Any CPU
		{888F8948-A987-4587-AFDB-7ED3A2AF06CD}.Release|Any CPU.Build.0 = Release|Any CPU
		{888F8948-A987-4587-AFDB-7ED3A2AF06CD}.Release|x64.ActiveCfg = Release|Any CPU
		{888F8948-A987-4587-AFDB-7ED3A2AF06CD}.Release|x64.Build.0 = Release|Any CPU
		{888F8948-A987-4587-AFDB-7ED3A2AF06CD}.Release|x86.ActiveCfg = Release|Any CPU
		{888F8948-A987-4587-AFDB-7ED3A2AF06CD}.Release|x86.Build.0 = Release|Any CPU
		{5A203AB8-F520-45ED-8A72-BD4FF7F43DB5}.Debug|Any CPU.ActiveCfg = Debug|Any CPU
		{5A203AB8-F520-45ED-8A72-BD4FF7F43DB5}.Debug|Any CPU.Build.0 = Debug|Any CPU
		{5A203AB8-F520-45ED-8A72-BD4FF7F43DB5}.Debug|x64.ActiveCfg = Debug|Any CPU
		{5A203AB8-F520-45ED-8A72-BD4FF7F43DB5}.Debug|x64.Build.0 = Debug|Any CPU
		{5A203AB8-F520-45ED-8A72-BD4FF7F43DB5}.Debug|x86.ActiveCfg = Debug|Any CPU
		{5A203AB8-F520-45ED-8A72-BD4FF7F43DB5}.Debug|x86.Build.0 = Debug|Any CPU
		{5A203AB8-F520-45ED-8A72-BD4FF7F43DB5}.Release|Any CPU.ActiveCfg = Release|Any CPU
		{5A203AB8-F520-45ED-8A72-BD4FF7F43DB5}.Release|Any CPU.Build.0 = Release|Any CPU
		{5A203AB8-F520-45ED-8A72-BD4FF7F43DB5}.Release|x64.ActiveCfg = Release|Any CPU
		{5A203AB8-F520-45ED-8A72-BD4FF7F43DB5}.Release|x64.Build.0 = Release|Any CPU
		{5A203AB8-F520-45ED-8A72-BD4FF7F43DB5}.Release|x86.ActiveCfg = Release|Any CPU
		{5A203AB8-F520-45ED-8A72-BD4FF7F43DB5}.Release|x86.Build.0 = Release|Any CPU
		{8E378EEB-05E9-4A25-8AA8-9731E5170C3B}.Debug|Any CPU.ActiveCfg = Debug|Any CPU
		{8E378EEB-05E9-4A25-8AA8-9731E5170C3B}.Debug|Any CPU.Build.0 = Debug|Any CPU
		{8E378EEB-05E9-4A25-8AA8-9731E5170C3B}.Debug|x64.ActiveCfg = Debug|Any CPU
		{8E378EEB-05E9-4A25-8AA8-9731E5170C3B}.Debug|x64.Build.0 = Debug|Any CPU
		{8E378EEB-05E9-4A25-8AA8-9731E5170C3B}.Debug|x86.ActiveCfg = Debug|Any CPU
		{8E378EEB-05E9-4A25-8AA8-9731E5170C3B}.Debug|x86.Build.0 = Debug|Any CPU
		{8E378EEB-05E9-4A25-8AA8-9731E5170C3B}.Release|Any CPU.ActiveCfg = Release|Any CPU
		{8E378EEB-05E9-4A25-8AA8-9731E5170C3B}.Release|Any CPU.Build.0 = Release|Any CPU
		{8E378EEB-05E9-4A25-8AA8-9731E5170C3B}.Release|x64.ActiveCfg = Release|Any CPU
		{8E378EEB-05E9-4A25-8AA8-9731E5170C3B}.Release|x64.Build.0 = Release|Any CPU
		{8E378EEB-05E9-4A25-8AA8-9731E5170C3B}.Release|x86.ActiveCfg = Release|Any CPU
		{8E378EEB-05E9-4A25-8AA8-9731E5170C3B}.Release|x86.Build.0 = Release|Any CPU
		{C43E3C15-3842-4615-B7EE-20BCC9B5703D}.Debug|Any CPU.ActiveCfg = Debug|Any CPU
		{C43E3C15-3842-4615-B7EE-20BCC9B5703D}.Debug|Any CPU.Build.0 = Debug|Any CPU
		{C43E3C15-3842-4615-B7EE-20BCC9B5703D}.Debug|x64.ActiveCfg = Debug|Any CPU
		{C43E3C15-3842-4615-B7EE-20BCC9B5703D}.Debug|x64.Build.0 = Debug|Any CPU
		{C43E3C15-3842-4615-B7EE-20BCC9B5703D}.Debug|x86.ActiveCfg = Debug|Any CPU
		{C43E3C15-3842-4615-B7EE-20BCC9B5703D}.Debug|x86.Build.0 = Debug|Any CPU
		{C43E3C15-3842-4615-B7EE-20BCC9B5703D}.Release|Any CPU.ActiveCfg = Release|Any CPU
		{C43E3C15-3842-4615-B7EE-20BCC9B5703D}.Release|Any CPU.Build.0 = Release|Any CPU
		{C43E3C15-3842-4615-B7EE-20BCC9B5703D}.Release|x64.ActiveCfg = Release|Any CPU
		{C43E3C15-3842-4615-B7EE-20BCC9B5703D}.Release|x64.Build.0 = Release|Any CPU
		{C43E3C15-3842-4615-B7EE-20BCC9B5703D}.Release|x86.ActiveCfg = Release|Any CPU
		{C43E3C15-3842-4615-B7EE-20BCC9B5703D}.Release|x86.Build.0 = Release|Any CPU
		{53D0A389-0F06-47A5-968F-DA6B5DA8334F}.Debug|Any CPU.ActiveCfg = Debug|Any CPU
		{53D0A389-0F06-47A5-968F-DA6B5DA8334F}.Debug|Any CPU.Build.0 = Debug|Any CPU
		{53D0A389-0F06-47A5-968F-DA6B5DA8334F}.Debug|x64.ActiveCfg = Debug|Any CPU
		{53D0A389-0F06-47A5-968F-DA6B5DA8334F}.Debug|x64.Build.0 = Debug|Any CPU
		{53D0A389-0F06-47A5-968F-DA6B5DA8334F}.Debug|x86.ActiveCfg = Debug|Any CPU
		{53D0A389-0F06-47A5-968F-DA6B5DA8334F}.Debug|x86.Build.0 = Debug|Any CPU
		{53D0A389-0F06-47A5-968F-DA6B5DA8334F}.Release|Any CPU.ActiveCfg = Release|Any CPU
		{53D0A389-0F06-47A5-968F-DA6B5DA8334F}.Release|Any CPU.Build.0 = Release|Any CPU
		{53D0A389-0F06-47A5-968F-DA6B5DA8334F}.Release|x64.ActiveCfg = Release|Any CPU
		{53D0A389-0F06-47A5-968F-DA6B5DA8334F}.Release|x64.Build.0 = Release|Any CPU
		{53D0A389-0F06-47A5-968F-DA6B5DA8334F}.Release|x86.ActiveCfg = Release|Any CPU
		{53D0A389-0F06-47A5-968F-DA6B5DA8334F}.Release|x86.Build.0 = Release|Any CPU
	EndGlobalSection
	GlobalSection(NestedProjects) = preSolution
		{888F8948-A987-4587-AFDB-7ED3A2AF06CD} = {D05EB9A6-4F2F-4263-A14A-BB2FF4895E7B}
		{5A203AB8-F520-45ED-8A72-BD4FF7F43DB5} = {D05EB9A6-4F2F-4263-A14A-BB2FF4895E7B}
		{8E378EEB-05E9-4A25-8AA8-9731E5170C3B} = {D05EB9A6-4F2F-4263-A14A-BB2FF4895E7B}
		{C43E3C15-3842-4615-B7EE-20BCC9B5703D} = {A3D3DF41-53F6-4062-BD5C-8EFC900BE8DF}
		{53D0A389-0F06-47A5-968F-DA6B5DA8334F} = {D05EB9A6-4F2F-4263-A14A-BB2FF4895E7B}
	EndGlobalSection
EndGlobal
